
Microsoft Visual Studio Solution File, Format Version 12.00
# Visual Studio 15
VisualStudioVersion = 15.0.28010.2046
MinimumVisualStudioVersion = 10.0.40219.1
Project("{FAE04EC0-301F-11D3-BF4B-00C04F79EFBC}") = "ProductRepositoryTest", "ProductRepositoryTest\ProductRepositoryTest.csproj", "{D84C78C5-9A99-43E5-8392-0C33E2759418}"
EndProject
Global
	GlobalSection(SolutionConfigurationPlatforms) = preSolution
		Debug|Any CPU = Debug|Any CPU
		Release|Any CPU = Release|Any CPU
	EndGlobalSection
	GlobalSection(ProjectConfigurationPlatforms) = postSolution
		{D84C78C5-9A99-43E5-8392-0C33E2759418}.Debug|Any CPU.ActiveCfg = Debug|Any CPU
		{D84C78C5-9A99-43E5-8392-0C33E2759418}.Debug|Any CPU.Build.0 = Debug|Any CPU
		{D84C78C5-9A99-43E5-8392-0C33E2759418}.Release|Any CPU.ActiveCfg = Release|Any CPU
		{D84C78C5-9A99-43E5-8392-0C33E2759418}.Release|Any CPU.Build.0 = Release|Any CPU
	EndGlobalSection
	GlobalSection(SolutionProperties) = preSolution
		HideSolutionNode = FALSE
	EndGlobalSection
	GlobalSection(ExtensibilityGlobals) = postSolution
		SolutionGuid = {0F230118-FF64-4A56-B5A0-B7DBB4CCDA16}
	EndGlobalSection
EndGlobal
