
Microsoft Visual Studio Solution File, Format Version 12.00
# Visual Studio 15
VisualStudioVersion = 15.0.28010.2046
MinimumVisualStudioVersion = 10.0.40219.1
Project("{FAE04EC0-301F-11D3-BF4B-00C04F79EFBC}") = "Employee.Test", "Employee.Test\Employee.Test.csproj", "{449B815A-4D8F-487B-BFCA-BD6E41F368CC}"
EndProject
Global
	GlobalSection(SolutionConfigurationPlatforms) = preSolution
		Debug|Any CPU = Debug|Any CPU
		Release|Any CPU = Release|Any CPU
	EndGlobalSection
	GlobalSection(ProjectConfigurationPlatforms) = postSolution
		{449B815A-4D8F-487B-BFCA-BD6E41F368CC}.Debug|Any CPU.ActiveCfg = Debug|Any CPU
		{449B815A-4D8F-487B-BFCA-BD6E41F368CC}.Debug|Any CPU.Build.0 = Debug|Any CPU
		{449B815A-4D8F-487B-BFCA-BD6E41F368CC}.Release|Any CPU.ActiveCfg = Release|Any CPU
		{449B815A-4D8F-487B-BFCA-BD6E41F368CC}.Release|Any CPU.Build.0 = Release|Any CPU
	EndGlobalSection
	GlobalSection(SolutionProperties) = preSolution
		HideSolutionNode = FALSE
	EndGlobalSection
	GlobalSection(ExtensibilityGlobals) = postSolution
		SolutionGuid = {4BF90EEC-831D-4987-B3E7-EDE7D9EFB9D1}
	EndGlobalSection
EndGlobal
